
Microsoft Visual Studio Solution File, Format Version 12.00
# Visual Studio Version 17
VisualStudioVersion = 17.14.36127.28
MinimumVisualStudioVersion = 10.0.40219.1
Project("{FAE04EC0-301F-11D3-BF4B-00C04F79EFBC}") = "ProjectBackend", "ProjectBackend.csproj", "{9ABC7AD1-E7CC-405B-8AFF-7B9B46CBC429}"
EndProject
Project("{FAE04EC0-301F-11D3-BF4B-00C04F79EFBC}") = "ProjectBackend.Infrastructure", "..\ProjectBackend.Infrastructure\ProjectBackend.Infrastructure.csproj", "{D7091CCA-A11B-4BD5-AEA5-EFADA2767D2E}"
EndProject
Global
	GlobalSection(SolutionConfigurationPlatforms) = preSolution
		Debug|Any CPU = Debug|Any CPU
		Release|Any CPU = Release|Any CPU
	EndGlobalSection
	GlobalSection(ProjectConfigurationPlatforms) = postSolution
		{9ABC7AD1-E7CC-405B-8AFF-7B9B46CBC429}.Debug|Any CPU.ActiveCfg = Debug|Any CPU
		{9ABC7AD1-E7CC-405B-8AFF-7B9B46CBC429}.Debug|Any CPU.Build.0 = Debug|Any CPU
		{9ABC7AD1-E7CC-405B-8AFF-7B9B46CBC429}.Release|Any CPU.ActiveCfg = Release|Any CPU
		{9ABC7AD1-E7CC-405B-8AFF-7B9B46CBC429}.Release|Any CPU.Build.0 = Release|Any CPU
		{D7091CCA-A11B-4BD5-AEA5-EFADA2767D2E}.Debug|Any CPU.ActiveCfg = Debug|Any CPU
		{D7091CCA-A11B-4BD5-AEA5-EFADA2767D2E}.Debug|Any CPU.Build.0 = Debug|Any CPU
		{D7091CCA-A11B-4BD5-AEA5-EFADA2767D2E}.Release|Any CPU.ActiveCfg = Release|Any CPU
		{D7091CCA-A11B-4BD5-AEA5-EFADA2767D2E}.Release|Any CPU.Build.0 = Release|Any CPU
	EndGlobalSection
	GlobalSection(SolutionProperties) = preSolution
		HideSolutionNode = FALSE
	EndGlobalSection
	GlobalSection(ExtensibilityGlobals) = postSolution
		SolutionGuid = {793B0B5D-4D20-4F39-9263-D86B71AD645C}
	EndGlobalSection
EndGlobal
